
Microsoft Visual Studio Solution File, Format Version 12.00
# Visual Studio Version 17
VisualStudioVersion = 17.0.32112.339
MinimumVisualStudioVersion = 10.0.40219.1
Project("{FAE04EC0-301F-11D3-BF4B-00C04F79EFBC}") = "TodoApiLatest", "TodoApiLatest\TodoApiLatest.csproj", "{1D65EF3D-2393-405E-A1FA-5AED9F1A6E04}"
EndProject
Global
	GlobalSection(SolutionConfigurationPlatforms) = preSolution
		Debug|Any CPU = Debug|Any CPU
		Release|Any CPU = Release|Any CPU
	EndGlobalSection
	GlobalSection(ProjectConfigurationPlatforms) = postSolution
		{1D65EF3D-2393-405E-A1FA-5AED9F1A6E04}.Debug|Any CPU.ActiveCfg = Debug|Any CPU
		{1D65EF3D-2393-405E-A1FA-5AED9F1A6E04}.Debug|Any CPU.Build.0 = Debug|Any CPU
		{1D65EF3D-2393-405E-A1FA-5AED9F1A6E04}.Release|Any CPU.ActiveCfg = Release|Any CPU
		{1D65EF3D-2393-405E-A1FA-5AED9F1A6E04}.Release|Any CPU.Build.0 = Release|Any CPU
	EndGlobalSection
	GlobalSection(SolutionProperties) = preSolution
		HideSolutionNode = FALSE
	EndGlobalSection
	GlobalSection(ExtensibilityGlobals) = postSolution
		SolutionGuid = {9ABF237E-7514-4593-8023-4F0CD5450B87}
	EndGlobalSection
EndGlobal
